
Microsoft Visual Studio Solution File, Format Version 12.00
# Visual Studio Version 17
VisualStudioVersion = 17.5.002.0
MinimumVisualStudioVersion = 10.0.40219.1
Project("{9A19103F-16F7-4668-BE54-9A1E7A4F7556}") = "api", "api\api.csproj", "{09C616F8-6924-439A-8D7E-E9E117054C86}"
EndProject
Global
	GlobalSection(SolutionConfigurationPlatforms) = preSolution
		Debug|Any CPU = Debug|Any CPU
		Release|Any CPU = Release|Any CPU
	EndGlobalSection
	GlobalSection(ProjectConfigurationPlatforms) = postSolution
		{09C616F8-6924-439A-8D7E-E9E117054C86}.Debug|Any CPU.ActiveCfg = Debug|Any CPU
		{09C616F8-6924-439A-8D7E-E9E117054C86}.Debug|Any CPU.Build.0 = Debug|Any CPU
		{09C616F8-6924-439A-8D7E-E9E117054C86}.Release|Any CPU.ActiveCfg = Release|Any CPU
		{09C616F8-6924-439A-8D7E-E9E117054C86}.Release|Any CPU.Build.0 = Release|Any CPU
	EndGlobalSection
	GlobalSection(SolutionProperties) = preSolution
		HideSolutionNode = FALSE
	EndGlobalSection
	GlobalSection(ExtensibilityGlobals) = postSolution
		SolutionGuid = {9CD9F093-9057-4BF0-9483-9B2AE1343A93}
	EndGlobalSection
EndGlobal
